
Microsoft Visual Studio Solution File, Format Version 12.00
# Visual Studio 2013
VisualStudioVersion = 12.0.31101.0
MinimumVisualStudioVersion = 10.0.40219.1
Project("{FAE04EC0-301F-11D3-BF4B-00C04F79EFBC}") = "SmallNotes", "SmallNotes\SmallNotes.csproj", "{8847094B-FB26-4AB9-A034-B9504358BE77}"
EndProject
Project("{FAE04EC0-301F-11D3-BF4B-00C04F79EFBC}") = "Common", "Common\Common.csproj", "{78FE99A8-493E-4F24-A59C-34B6FD1F4FBA}"
EndProject
Global
	GlobalSection(SolutionConfigurationPlatforms) = preSolution
		Debug|Any CPU = Debug|Any CPU
		Release|Any CPU = Release|Any CPU
	EndGlobalSection
	GlobalSection(ProjectConfigurationPlatforms) = postSolution
		{8847094B-FB26-4AB9-A034-B9504358BE77}.Debug|Any CPU.ActiveCfg = Debug|Any CPU
		{8847094B-FB26-4AB9-A034-B9504358BE77}.Debug|Any CPU.Build.0 = Debug|Any CPU
		{8847094B-FB26-4AB9-A034-B9504358BE77}.Release|Any CPU.ActiveCfg = Release|Any CPU
		{8847094B-FB26-4AB9-A034-B9504358BE77}.Release|Any CPU.Build.0 = Release|Any CPU
		{78FE99A8-493E-4F24-A59C-34B6FD1F4FBA}.Debug|Any CPU.ActiveCfg = Debug|Any CPU
		{78FE99A8-493E-4F24-A59C-34B6FD1F4FBA}.Debug|Any CPU.Build.0 = Debug|Any CPU
		{78FE99A8-493E-4F24-A59C-34B6FD1F4FBA}.Release|Any CPU.ActiveCfg = Release|Any CPU
		{78FE99A8-493E-4F24-A59C-34B6FD1F4FBA}.Release|Any CPU.Build.0 = Release|Any CPU
	EndGlobalSection
	GlobalSection(SolutionProperties) = preSolution
		HideSolutionNode = FALSE
	EndGlobalSection
EndGlobal
