
Microsoft Visual Studio Solution File, Format Version 12.00
# Visual Studio 2013
VisualStudioVersion = 12.0.31101.0
MinimumVisualStudioVersion = 10.0.40219.1
Project("{FAE04EC0-301F-11D3-BF4B-00C04F79EFBC}") = "SmallNotes", "SmallNotes\SmallNotes.csproj", "{8847094B-FB26-4AB9-A034-B9504358BE77}"
EndProject
Project("{FAE04EC0-301F-11D3-BF4B-00C04F79EFBC}") = "Common", "Common\Common.csproj", "{78FE99A8-493E-4F24-A59C-34B6FD1F4FBA}"
EndProject
Project("{FAE04EC0-301F-11D3-BF4B-00C04F79EFBC}") = "SmallNotes.Data", "SmallNotes.Data\SmallNotes.Data.csproj", "{9BBEC0F6-DE29-4945-BECF-D1A4DFF3D758}"
EndProject
Project("{2150E333-8FDC-42A3-9474-1A3956D46DE8}") = ".nuget", ".nuget", "{34573919-F231-4954-B753-4E87DACC0C8F}"
	ProjectSection(SolutionItems) = preProject
		.nuget\NuGet.Config = .nuget\NuGet.Config
		.nuget\NuGet.exe = .nuget\NuGet.exe
		.nuget\NuGet.targets = .nuget\NuGet.targets
	EndProjectSection
EndProject
Project("{2150E333-8FDC-42A3-9474-1A3956D46DE8}") = "HTML-Renderer", "HTML-Renderer", "{632F3886-6101-49D3-9808-36CBF7DE7A1B}"
EndProject
Project("{FAE04EC0-301F-11D3-BF4B-00C04F79EFBC}") = "HtmlRenderer", "HTML-Renderer\Source\HtmlRenderer\HtmlRenderer.csproj", "{FE611685-391F-4E3E-B27E-D3150E51E49B}"
EndProject
Project("{FAE04EC0-301F-11D3-BF4B-00C04F79EFBC}") = "HtmlRenderer.WinForms", "HTML-Renderer\Source\HtmlRenderer.WinForms\HtmlRenderer.WinForms.csproj", "{1B058920-24B4-4140-8AE7-C8C6C38CA52D}"
EndProject
Global
	GlobalSection(SolutionConfigurationPlatforms) = preSolution
		Debug|Any CPU = Debug|Any CPU
		Release|Any CPU = Release|Any CPU
	EndGlobalSection
	GlobalSection(ProjectConfigurationPlatforms) = postSolution
		{8847094B-FB26-4AB9-A034-B9504358BE77}.Debug|Any CPU.ActiveCfg = Debug|Any CPU
		{8847094B-FB26-4AB9-A034-B9504358BE77}.Debug|Any CPU.Build.0 = Debug|Any CPU
		{8847094B-FB26-4AB9-A034-B9504358BE77}.Release|Any CPU.ActiveCfg = Release|Any CPU
		{8847094B-FB26-4AB9-A034-B9504358BE77}.Release|Any CPU.Build.0 = Release|Any CPU
		{78FE99A8-493E-4F24-A59C-34B6FD1F4FBA}.Debug|Any CPU.ActiveCfg = Debug|Any CPU
		{78FE99A8-493E-4F24-A59C-34B6FD1F4FBA}.Debug|Any CPU.Build.0 = Debug|Any CPU
		{78FE99A8-493E-4F24-A59C-34B6FD1F4FBA}.Release|Any CPU.ActiveCfg = Release|Any CPU
		{78FE99A8-493E-4F24-A59C-34B6FD1F4FBA}.Release|Any CPU.Build.0 = Release|Any CPU
		{9BBEC0F6-DE29-4945-BECF-D1A4DFF3D758}.Debug|Any CPU.ActiveCfg = Debug|Any CPU
		{9BBEC0F6-DE29-4945-BECF-D1A4DFF3D758}.Debug|Any CPU.Build.0 = Debug|Any CPU
		{9BBEC0F6-DE29-4945-BECF-D1A4DFF3D758}.Release|Any CPU.ActiveCfg = Release|Any CPU
		{9BBEC0F6-DE29-4945-BECF-D1A4DFF3D758}.Release|Any CPU.Build.0 = Release|Any CPU
		{FE611685-391F-4E3E-B27E-D3150E51E49B}.Debug|Any CPU.ActiveCfg = Debug|Any CPU
		{FE611685-391F-4E3E-B27E-D3150E51E49B}.Debug|Any CPU.Build.0 = Debug|Any CPU
		{FE611685-391F-4E3E-B27E-D3150E51E49B}.Release|Any CPU.ActiveCfg = Release|Any CPU
		{FE611685-391F-4E3E-B27E-D3150E51E49B}.Release|Any CPU.Build.0 = Release|Any CPU
		{1B058920-24B4-4140-8AE7-C8C6C38CA52D}.Debug|Any CPU.ActiveCfg = Debug|Any CPU
		{1B058920-24B4-4140-8AE7-C8C6C38CA52D}.Debug|Any CPU.Build.0 = Debug|Any CPU
		{1B058920-24B4-4140-8AE7-C8C6C38CA52D}.Release|Any CPU.ActiveCfg = Release|Any CPU
		{1B058920-24B4-4140-8AE7-C8C6C38CA52D}.Release|Any CPU.Build.0 = Release|Any CPU
	EndGlobalSection
	GlobalSection(SolutionProperties) = preSolution
		HideSolutionNode = FALSE
	EndGlobalSection
	GlobalSection(NestedProjects) = preSolution
		{FE611685-391F-4E3E-B27E-D3150E51E49B} = {632F3886-6101-49D3-9808-36CBF7DE7A1B}
		{1B058920-24B4-4140-8AE7-C8C6C38CA52D} = {632F3886-6101-49D3-9808-36CBF7DE7A1B}
	EndGlobalSection
EndGlobal
